// !$*UTF8*$!
{
	archiveVersion = 1;
	classes = {
	};
	objectVersion = 46;
	objects = {

/* Begin PBXBuildFile section */
		AB7FB3951D7D4F7700536B47 /* main.m in Sources */ = {isa = PBXBuildFile; fileRef = AB7FB3941D7D4F7700536B47 /* main.m */; };
		AB7FB3981D7D4F7700536B47 /* AppDelegate.m in Sources */ = {isa = PBXBuildFile; fileRef = AB7FB3971D7D4F7700536B47 /* AppDelegate.m */; };
		AB7FB39B1D7D4F7700536B47 /* ViewController.m in Sources */ = {isa = PBXBuildFile; fileRef = AB7FB39A1D7D4F7700536B47 /* ViewController.m */; };
		AB7FB39E1D7D4F7700536B47 /* Main.storyboard in Resources */ = {isa = PBXBuildFile; fileRef = AB7FB39C1D7D4F7700536B47 /* Main.storyboard */; };
		AB7FB3A01D7D4F7700536B47 /* Assets.xcassets in Resources */ = {isa = PBXBuildFile; fileRef = AB7FB39F1D7D4F7700536B47 /* Assets.xcassets */; };
		AB7FB3A31D7D4F7700536B47 /* LaunchScreen.storyboard in Resources */ = {isa = PBXBuildFile; fileRef = AB7FB3A11D7D4F7700536B47 /* LaunchScreen.storyboard */; };
		AB7FB3AE1D7D4F7700536B47 /* Run_loopsTests.m in Sources */ = {isa = PBXBuildFile; fileRef = AB7FB3AD1D7D4F7700536B47 /* Run_loopsTests.m */; };
		AB7FB3B91D7D4F7700536B47 /* Run_loopsUITests.m in Sources */ = {isa = PBXBuildFile; fileRef = AB7FB3B81D7D4F7700536B47 /* Run_loopsUITests.m */; };
		AB7FB3C81D7EAC7D00536B47 /* RunLoopSource.m in Sources */ = {isa = PBXBuildFile; fileRef = AB7FB3C71D7EAC7D00536B47 /* RunLoopSource.m */; };
		AB7FB3CB1D8015F400536B47 /* MyWorkerThread.m in Sources */ = {isa = PBXBuildFile; fileRef = AB7FB3CA1D8015F400536B47 /* MyWorkerThread.m */; };
		ABB4838E1F9762FD00747FE3 /* yellowView.m in Sources */ = {isa = PBXBuildFile; fileRef = ABB4838D1F9762FD00747FE3 /* yellowView.m */; };
		ABB483911F97672200747FE3 /* blueViewButton.m in Sources */ = {isa = PBXBuildFile; fileRef = ABB483901F97672200747FE3 /* blueViewButton.m */; };
		ABB483941F976C3000747FE3 /* rRedView.m in Sources */ = {isa = PBXBuildFile; fileRef = ABB483931F976C3000747FE3 /* rRedView.m */; };
		ABB483971F98A8BA00747FE3 /* coreAnimateViewController.m in Sources */ = {isa = PBXBuildFile; fileRef = ABB483961F98A8BA00747FE3 /* coreAnimateViewController.m */; };
/* End PBXBuildFile section */

/* Begin PBXContainerItemProxy section */
		AB7FB3AA1D7D4F7700536B47 /* PBXContainerItemProxy */ = {
			isa = PBXContainerItemProxy;
			containerPortal = AB7FB3881D7D4F7700536B47 /* Project object */;
			proxyType = 1;
			remoteGlobalIDString = AB7FB38F1D7D4F7700536B47;
			remoteInfo = "Run loops";
		};
		AB7FB3B51D7D4F7700536B47 /* PBXContainerItemProxy */ = {
			isa = PBXContainerItemProxy;
			containerPortal = AB7FB3881D7D4F7700536B47 /* Project object */;
			proxyType = 1;
			remoteGlobalIDString = AB7FB38F1D7D4F7700536B47;
			remoteInfo = "Run loops";
		};
/* End PBXContainerItemProxy section */

/* Begin PBXFileReference section */
		AB7FB3901D7D4F7700536B47 /* Run loops.app */ = {isa = PBXFileReference; explicitFileType = wrapper.application; includeInIndex = 0; path = "Run loops.app"; sourceTree = BUILT_PRODUCTS_DIR; };
		AB7FB3941D7D4F7700536B47 /* main.m */ = {isa = PBXFileReference; lastKnownFileType = sourcecode.c.objc; path = main.m; sourceTree = "<group>"; };
		AB7FB3961D7D4F7700536B47 /* AppDelegate.h */ = {isa = PBXFileReference; lastKnownFileType = sourcecode.c.h; path = AppDelegate.h; sourceTree = "<group>"; };
		AB7FB3971D7D4F7700536B47 /* AppDelegate.m */ = {isa = PBXFileReference; lastKnownFileType = sourcecode.c.objc; path = AppDelegate.m; sourceTree = "<group>"; };
		AB7FB3991D7D4F7700536B47 /* ViewController.h */ = {isa = PBXFileReference; lastKnownFileType = sourcecode.c.h; path = ViewController.h; sourceTree = "<group>"; };
		AB7FB39A1D7D4F7700536B47 /* ViewController.m */ = {isa = PBXFileReference; lastKnownFileType = sourcecode.c.objc; path = ViewController.m; sourceTree = "<group>"; };
		AB7FB39D1D7D4F7700536B47 /* Base */ = {isa = PBXFileReference; lastKnownFileType = file.storyboard; name = Base; path = Base.lproj/Main.storyboard; sourceTree = "<group>"; };
		AB7FB39F1D7D4F7700536B47 /* Assets.xcassets */ = {isa = PBXFileReference; lastKnownFileType = folder.assetcatalog; path = Assets.xcassets; sourceTree = "<group>"; };
		AB7FB3A21D7D4F7700536B47 /* Base */ = {isa = PBXFileReference; lastKnownFileType = file.storyboard; name = Base; path = Base.lproj/LaunchScreen.storyboard; sourceTree = "<group>"; };
		AB7FB3A41D7D4F7700536B47 /* Info.plist */ = {isa = PBXFileReference; lastKnownFileType = text.plist.xml; path = Info.plist; sourceTree = "<group>"; };
		AB7FB3A91D7D4F7700536B47 /* Run loopsTests.xctest */ = {isa = PBXFileReference; explicitFileType = wrapper.cfbundle; includeInIndex = 0; path = "Run loopsTests.xctest"; sourceTree = BUILT_PRODUCTS_DIR; };
		AB7FB3AD1D7D4F7700536B47 /* Run_loopsTests.m */ = {isa = PBXFileReference; lastKnownFileType = sourcecode.c.objc; path = Run_loopsTests.m; sourceTree = "<group>"; };
		AB7FB3AF1D7D4F7700536B47 /* Info.plist */ = {isa = PBXFileReference; lastKnownFileType = text.plist.xml; path = Info.plist; sourceTree = "<group>"; };
		AB7FB3B41D7D4F7700536B47 /* Run loopsUITests.xctest */ = {isa = PBXFileReference; explicitFileType = wrapper.cfbundle; includeInIndex = 0; path = "Run loopsUITests.xctest"; sourceTree = BUILT_PRODUCTS_DIR; };
		AB7FB3B81D7D4F7700536B47 /* Run_loopsUITests.m */ = {isa = PBXFileReference; lastKnownFileType = sourcecode.c.objc; path = Run_loopsUITests.m; sourceTree = "<group>"; };
		AB7FB3BA1D7D4F7700536B47 /* Info.plist */ = {isa = PBXFileReference; lastKnownFileType = text.plist.xml; path = Info.plist; sourceTree = "<group>"; };
		AB7FB3C61D7EAC7D00536B47 /* RunLoopSource.h */ = {isa = PBXFileReference; fileEncoding = 4; lastKnownFileType = sourcecode.c.h; path = RunLoopSource.h; sourceTree = "<group>"; };
		AB7FB3C71D7EAC7D00536B47 /* RunLoopSource.m */ = {isa = PBXFileReference; fileEncoding = 4; lastKnownFileType = sourcecode.c.objc; path = RunLoopSource.m; sourceTree = "<group>"; };
		AB7FB3C91D8015F400536B47 /* MyWorkerThread.h */ = {isa = PBXFileReference; fileEncoding = 4; lastKnownFileType = sourcecode.c.h; path = MyWorkerThread.h; sourceTree = "<group>"; };
		AB7FB3CA1D8015F400536B47 /* MyWorkerThread.m */ = {isa = PBXFileReference; fileEncoding = 4; lastKnownFileType = sourcecode.c.objc; path = MyWorkerThread.m; sourceTree = "<group>"; };
		ABB4838C1F9762FD00747FE3 /* yellowView.h */ = {isa = PBXFileReference; lastKnownFileType = sourcecode.c.h; path = yellowView.h; sourceTree = "<group>"; };
		ABB4838D1F9762FD00747FE3 /* yellowView.m */ = {isa = PBXFileReference; lastKnownFileType = sourcecode.c.objc; path = yellowView.m; sourceTree = "<group>"; };
		ABB4838F1F97672200747FE3 /* blueViewButton.h */ = {isa = PBXFileReference; lastKnownFileType = sourcecode.c.h; path = blueViewButton.h; sourceTree = "<group>"; };
		ABB483901F97672200747FE3 /* blueViewButton.m */ = {isa = PBXFileReference; lastKnownFileType = sourcecode.c.objc; path = blueViewButton.m; sourceTree = "<group>"; };
		ABB483921F976C3000747FE3 /* rRedView.h */ = {isa = PBXFileReference; lastKnownFileType = sourcecode.c.h; path = rRedView.h; sourceTree = "<group>"; };
		ABB483931F976C3000747FE3 /* rRedView.m */ = {isa = PBXFileReference; lastKnownFileType = sourcecode.c.objc; path = rRedView.m; sourceTree = "<group>"; };
		ABB483951F98A8BA00747FE3 /* coreAnimateViewController.h */ = {isa = PBXFileReference; lastKnownFileType = sourcecode.c.h; path = coreAnimateViewController.h; sourceTree = "<group>"; };
		ABB483961F98A8BA00747FE3 /* coreAnimateViewController.m */ = {isa = PBXFileReference; lastKnownFileType = sourcecode.c.objc; path = coreAnimateViewController.m; sourceTree = "<group>"; };
		ABB483991F98AD4400747FE3 /* p@3x.png */ = {isa = PBXFileReference; lastKnownFileType = image.png; path = "p@3x.png"; sourceTree = "<group>"; };
/* End PBXFileReference section */

/* Begin PBXFrameworksBuildPhase section */
		AB7FB38D1D7D4F7700536B47 /* Frameworks */ = {
			isa = PBXFrameworksBuildPhase;
			buildActionMask = 2147483647;
			files = (
			);
			runOnlyForDeploymentPostprocessing = 0;
		};
		AB7FB3A61D7D4F7700536B47 /* Frameworks */ = {
			isa = PBXFrameworksBuildPhase;
			buildActionMask = 2147483647;
			files = (
			);
			runOnlyForDeploymentPostprocessing = 0;
		};
		AB7FB3B11D7D4F7700536B47 /* Frameworks */ = {
			isa = PBXFrameworksBuildPhase;
			buildActionMask = 2147483647;
			files = (
			);
			runOnlyForDeploymentPostprocessing = 0;
		};
/* End PBXFrameworksBuildPhase section */

/* Begin PBXGroup section */
		AB7FB3871D7D4F7700536B47 = {
			isa = PBXGroup;
			children = (
				ABB483981F98AD4400747FE3 /* source */,
				AB7FB3921D7D4F7700536B47 /* Run loops */,
				AB7FB3AC1D7D4F7700536B47 /* Run loopsTests */,
				AB7FB3B71D7D4F7700536B47 /* Run loopsUITests */,
				AB7FB3911D7D4F7700536B47 /* Products */,
			);
			sourceTree = "<group>";
		};
		AB7FB3911D7D4F7700536B47 /* Products */ = {
			isa = PBXGroup;
			children = (
				AB7FB3901D7D4F7700536B47 /* Run loops.app */,
				AB7FB3A91D7D4F7700536B47 /* Run loopsTests.xctest */,
				AB7FB3B41D7D4F7700536B47 /* Run loopsUITests.xctest */,
			);
			name = Products;
			sourceTree = "<group>";
		};
		AB7FB3921D7D4F7700536B47 /* Run loops */ = {
			isa = PBXGroup;
			children = (
				AB7FB3961D7D4F7700536B47 /* AppDelegate.h */,
				AB7FB3971D7D4F7700536B47 /* AppDelegate.m */,
				AB7FB3991D7D4F7700536B47 /* ViewController.h */,
				AB7FB39A1D7D4F7700536B47 /* ViewController.m */,
				ABB483951F98A8BA00747FE3 /* coreAnimateViewController.h */,
				ABB483961F98A8BA00747FE3 /* coreAnimateViewController.m */,
				ABB4838C1F9762FD00747FE3 /* yellowView.h */,
				ABB4838D1F9762FD00747FE3 /* yellowView.m */,
				ABB4838F1F97672200747FE3 /* blueViewButton.h */,
				ABB483901F97672200747FE3 /* blueViewButton.m */,
				ABB483921F976C3000747FE3 /* rRedView.h */,
				ABB483931F976C3000747FE3 /* rRedView.m */,
				AB7FB3C61D7EAC7D00536B47 /* RunLoopSource.h */,
				AB7FB3C71D7EAC7D00536B47 /* RunLoopSource.m */,
				AB7FB3C91D8015F400536B47 /* MyWorkerThread.h */,
				AB7FB3CA1D8015F400536B47 /* MyWorkerThread.m */,
				AB7FB39C1D7D4F7700536B47 /* Main.storyboard */,
				AB7FB39F1D7D4F7700536B47 /* Assets.xcassets */,
				AB7FB3A11D7D4F7700536B47 /* LaunchScreen.storyboard */,
				AB7FB3A41D7D4F7700536B47 /* Info.plist */,
				AB7FB3931D7D4F7700536B47 /* Supporting Files */,
			);
			path = "Run loops";
			sourceTree = "<group>";
		};
		AB7FB3931D7D4F7700536B47 /* Supporting Files */ = {
			isa = PBXGroup;
			children = (
				AB7FB3941D7D4F7700536B47 /* main.m */,
			);
			name = "Supporting Files";
			sourceTree = "<group>";
		};
		AB7FB3AC1D7D4F7700536B47 /* Run loopsTests */ = {
			isa = PBXGroup;
			children = (
				AB7FB3AD1D7D4F7700536B47 /* Run_loopsTests.m */,
				AB7FB3AF1D7D4F7700536B47 /* Info.plist */,
			);
			path = "Run loopsTests";
			sourceTree = "<group>";
		};
		AB7FB3B71D7D4F7700536B47 /* Run loopsUITests */ = {
			isa = PBXGroup;
			children = (
				AB7FB3B81D7D4F7700536B47 /* Run_loopsUITests.m */,
				AB7FB3BA1D7D4F7700536B47 /* Info.plist */,
			);
			path = "Run loopsUITests";
			sourceTree = "<group>";
		};
		ABB483981F98AD4400747FE3 /* source */ = {
			isa = PBXGroup;
			children = (
				ABB483991F98AD4400747FE3 /* p@3x.png */,
			);
			path = source;
			sourceTree = "<group>";
		};
/* End PBXGroup section */

/* Begin PBXNativeTarget section */
		AB7FB38F1D7D4F7700536B47 /* Run loops */ = {
			isa = PBXNativeTarget;
			buildConfigurationList = AB7FB3BD1D7D4F7800536B47 /* Build configuration list for PBXNativeTarget "Run loops" */;
			buildPhases = (
				AB7FB38C1D7D4F7700536B47 /* Sources */,
				AB7FB38D1D7D4F7700536B47 /* Frameworks */,
				AB7FB38E1D7D4F7700536B47 /* Resources */,
			);
			buildRules = (
			);
			dependencies = (
			);
			name = "Run loops";
			productName = "Run loops";
			productReference = AB7FB3901D7D4F7700536B47 /* Run loops.app */;
			productType = "com.apple.product-type.application";
		};
		AB7FB3A81D7D4F7700536B47 /* Run loopsTests */ = {
			isa = PBXNativeTarget;
			buildConfigurationList = AB7FB3C01D7D4F7800536B47 /* Build configuration list for PBXNativeTarget "Run loopsTests" */;
			buildPhases = (
				AB7FB3A51D7D4F7700536B47 /* Sources */,
				AB7FB3A61D7D4F7700536B47 /* Frameworks */,
				AB7FB3A71D7D4F7700536B47 /* Resources */,
			);
			buildRules = (
			);
			dependencies = (
				AB7FB3AB1D7D4F7700536B47 /* PBXTargetDependency */,
			);
			name = "Run loopsTests";
			productName = "Run loopsTests";
			productReference = AB7FB3A91D7D4F7700536B47 /* Run loopsTests.xctest */;
			productType = "com.apple.product-type.bundle.unit-test";
		};
		AB7FB3B31D7D4F7700536B47 /* Run loopsUITests */ = {
			isa = PBXNativeTarget;
			buildConfigurationList = AB7FB3C31D7D4F7800536B47 /* Build configuration list for PBXNativeTarget "Run loopsUITests" */;
			buildPhases = (
				AB7FB3B01D7D4F7700536B47 /* Sources */,
				AB7FB3B11D7D4F7700536B47 /* Frameworks */,
				AB7FB3B21D7D4F7700536B47 /* Resources */,
			);
			buildRules = (
			);
			dependencies = (
				AB7FB3B61D7D4F7700536B47 /* PBXTargetDependency */,
			);
			name = "Run loopsUITests";
			productName = "Run loopsUITests";
			productReference = AB7FB3B41D7D4F7700536B47 /* Run loopsUITests.xctest */;
			productType = "com.apple.product-type.bundle.ui-testing";
		};
/* End PBXNativeTarget section */

/* Begin PBXProject section */
		AB7FB3881D7D4F7700536B47 /* Project object */ = {
			isa = PBXProject;
			attributes = {
				LastUpgradeCheck = 0720;
				ORGANIZATIONNAME = cc;
				TargetAttributes = {
					AB7FB38F1D7D4F7700536B47 = {
						CreatedOnToolsVersion = 7.2.1;
						DevelopmentTeam = 7KW6E4PC7H;
					};
					AB7FB3A81D7D4F7700536B47 = {
						CreatedOnToolsVersion = 7.2.1;
						TestTargetID = AB7FB38F1D7D4F7700536B47;
					};
					AB7FB3B31D7D4F7700536B47 = {
						CreatedOnToolsVersion = 7.2.1;
						TestTargetID = AB7FB38F1D7D4F7700536B47;
					};
				};
			};
			buildConfigurationList = AB7FB38B1D7D4F7700536B47 /* Build configuration list for PBXProject "Run loops" */;
			compatibilityVersion = "Xcode 3.2";
			developmentRegion = English;
			hasScannedForEncodings = 0;
			knownRegions = (
				en,
				Base,
			);
			mainGroup = AB7FB3871D7D4F7700536B47;
			productRefGroup = AB7FB3911D7D4F7700536B47 /* Products */;
			projectDirPath = "";
			projectRoot = "";
			targets = (
				AB7FB38F1D7D4F7700536B47 /* Run loops */,
				AB7FB3A81D7D4F7700536B47 /* Run loopsTests */,
				AB7FB3B31D7D4F7700536B47 /* Run loopsUITests */,
			);
		};
/* End PBXProject section */

/* Begin PBXResourcesBuildPhase section */
		AB7FB38E1D7D4F7700536B47 /* Resources */ = {
			isa = PBXResourcesBuildPhase;
			buildActionMask = 2147483647;
			files = (
				AB7FB3A31D7D4F7700536B47 /* LaunchScreen.storyboard in Resources */,
				AB7FB3A01D7D4F7700536B47 /* Assets.xcassets in Resources */,
				AB7FB39E1D7D4F7700536B47 /* Main.storyboard in Resources */,
			);
			runOnlyForDeploymentPostprocessing = 0;
		};
		AB7FB3A71D7D4F7700536B47 /* Resources */ = {
			isa = PBXResourcesBuildPhase;
			buildActionMask = 2147483647;
			files = (
			);
			runOnlyForDeploymentPostprocessing = 0;
		};
		AB7FB3B21D7D4F7700536B47 /* Resources */ = {
			isa = PBXResourcesBuildPhase;
			buildActionMask = 2147483647;
			files = (
			);
			runOnlyForDeploymentPostprocessing = 0;
		};
/* End PBXResourcesBuildPhase section */

/* Begin PBXSourcesBuildPhase section */
		AB7FB38C1D7D4F7700536B47 /* Sources */ = {
			isa = PBXSourcesBuildPhase;
			buildActionMask = 2147483647;
			files = (
				ABB483911F97672200747FE3 /* blueViewButton.m in Sources */,
				AB7FB3CB1D8015F400536B47 /* MyWorkerThread.m in Sources */,
				AB7FB39B1D7D4F7700536B47 /* ViewController.m in Sources */,
				ABB4838E1F9762FD00747FE3 /* yellowView.m in Sources */,
				AB7FB3981D7D4F7700536B47 /* AppDelegate.m in Sources */,
				ABB483941F976C3000747FE3 /* rRedView.m in Sources */,
				AB7FB3C81D7EAC7D00536B47 /* RunLoopSource.m in Sources */,
				ABB483971F98A8BA00747FE3 /* coreAnimateViewController.m in Sources */,
				AB7FB3951D7D4F7700536B47 /* main.m in Sources */,
			);
			runOnlyForDeploymentPostprocessing = 0;
		};
		AB7FB3A51D7D4F7700536B47 /* Sources */ = {
			isa = PBXSourcesBuildPhase;
			buildActionMask = 2147483647;
			files = (
				AB7FB3AE1D7D4F7700536B47 /* Run_loopsTests.m in Sources */,
			);
			runOnlyForDeploymentPostprocessing = 0;
		};
		AB7FB3B01D7D4F7700536B47 /* Sources */ = {
			isa = PBXSourcesBuildPhase;
			buildActionMask = 2147483647;
			files = (
				AB7FB3B91D7D4F7700536B47 /* Run_loopsUITests.m in Sources */,
			);
			runOnlyForDeploymentPostprocessing = 0;
		};
/* End PBXSourcesBuildPhase section */

/* Begin PBXTargetDependency section */
		AB7FB3AB1D7D4F7700536B47 /* PBXTargetDependency */ = {
			isa = PBXTargetDependency;
			target = AB7FB38F1D7D4F7700536B47 /* Run loops */;
			targetProxy = AB7FB3AA1D7D4F7700536B47 /* PBXContainerItemProxy */;
		};
		AB7FB3B61D7D4F7700536B47 /* PBXTargetDependency */ = {
			isa = PBXTargetDependency;
			target = AB7FB38F1D7D4F7700536B47 /* Run loops */;
			targetProxy = AB7FB3B51D7D4F7700536B47 /* PBXContainerItemProxy */;
		};
/* End PBXTargetDependency section */

/* Begin PBXVariantGroup section */
		AB7FB39C1D7D4F7700536B47 /* Main.storyboard */ = {
			isa = PBXVariantGroup;
			children = (
				AB7FB39D1D7D4F7700536B47 /* Base */,
			);
			name = Main.storyboard;
			sourceTree = "<group>";
		};
		AB7FB3A11D7D4F7700536B47 /* LaunchScreen.storyboard */ = {
			isa = PBXVariantGroup;
			children = (
				AB7FB3A21D7D4F7700536B47 /* Base */,
			);
			name = LaunchScreen.storyboard;
			sourceTree = "<group>";
		};
/* End PBXVariantGroup section */

/* Begin XCBuildConfiguration section */
		AB7FB3BB1D7D4F7800536B47 /* Debug */ = {
			isa = XCBuildConfiguration;
			buildSettings = {
				ALWAYS_SEARCH_USER_PATHS = NO;
				CLANG_CXX_LANGUAGE_STANDARD = "gnu++0x";
				CLANG_CXX_LIBRARY = "libc++";
				CLANG_ENABLE_MODULES = YES;
				CLANG_ENABLE_OBJC_ARC = YES;
				CLANG_WARN_BOOL_CONVERSION = YES;
				CLANG_WARN_CONSTANT_CONVERSION = YES;
				CLANG_WARN_DIRECT_OBJC_ISA_USAGE = YES_ERROR;
				CLANG_WARN_EMPTY_BODY = YES;
				CLANG_WARN_ENUM_CONVERSION = YES;
				CLANG_WARN_INT_CONVERSION = YES;
				CLANG_WARN_OBJC_ROOT_CLASS = YES_ERROR;
				CLANG_WARN_UNREACHABLE_CODE = YES;
				CLANG_WARN__DUPLICATE_METHOD_MATCH = YES;
				"CODE_SIGN_IDENTITY[sdk=iphoneos*]" = "iPhone Developer";
				COPY_PHASE_STRIP = NO;
				DEBUG_INFORMATION_FORMAT = dwarf;
				ENABLE_STRICT_OBJC_MSGSEND = YES;
				ENABLE_TESTABILITY = YES;
				GCC_C_LANGUAGE_STANDARD = gnu99;
				GCC_DYNAMIC_NO_PIC = NO;
				GCC_NO_COMMON_BLOCKS = YES;
				GCC_OPTIMIZATION_LEVEL = 0;
				GCC_PREPROCESSOR_DEFINITIONS = (
					"DEBUG=1",
					"$(inherited)",
				);
				GCC_WARN_64_TO_32_BIT_CONVERSION = YES;
				GCC_WARN_ABOUT_RETURN_TYPE = YES_ERROR;
				GCC_WARN_UNDECLARED_SELECTOR = YES;
				GCC_WARN_UNINITIALIZED_AUTOS = YES_AGGRESSIVE;
				GCC_WARN_UNUSED_FUNCTION = YES;
				GCC_WARN_UNUSED_VARIABLE = YES;
				IPHONEOS_DEPLOYMENT_TARGET = 9.2;
				MTL_ENABLE_DEBUG_INFO = YES;
				ONLY_ACTIVE_ARCH = YES;
				SDKROOT = iphoneos;
			};
			name = Debug;
		};
		AB7FB3BC1D7D4F7800536B47 /* Release */ = {
			isa = XCBuildConfiguration;
			buildSettings = {
				ALWAYS_SEARCH_USER_PATHS = NO;
				CLANG_CXX_LANGUAGE_STANDARD = "gnu++0x";
				CLANG_CXX_LIBRARY = "libc++";
				CLANG_ENABLE_MODULES = YES;
				CLANG_ENABLE_OBJC_ARC = YES;
				CLANG_WARN_BOOL_CONVERSION = YES;
				CLANG_WARN_CONSTANT_CONVERSION = YES;
				CLANG_WARN_DIRECT_OBJC_ISA_USAGE = YES_ERROR;
				CLANG_WARN_EMPTY_BODY = YES;
				CLANG_WARN_ENUM_CONVERSION = YES;
				CLANG_WARN_INT_CONVERSION = YES;
				CLANG_WARN_OBJC_ROOT_CLASS = YES_ERROR;
				CLANG_WARN_UNREACHABLE_CODE = YES;
				CLANG_WARN__DUPLICATE_METHOD_MATCH = YES;
				"CODE_SIGN_IDENTITY[sdk=iphoneos*]" = "iPhone Developer";
				COPY_PHASE_STRIP = NO;
				DEBUG_INFORMATION_FORMAT = "dwarf-with-dsym";
				ENABLE_NS_ASSERTIONS = NO;
				ENABLE_STRICT_OBJC_MSGSEND = YES;
				GCC_C_LANGUAGE_STANDARD = gnu99;
				GCC_NO_COMMON_BLOCKS = YES;
				GCC_WARN_64_TO_32_BIT_CONVERSION = YES;
				GCC_WARN_ABOUT_RETURN_TYPE = YES_ERROR;
				GCC_WARN_UNDECLARED_SELECTOR = YES;
				GCC_WARN_UNINITIALIZED_AUTOS = YES_AGGRESSIVE;
				GCC_WARN_UNUSED_FUNCTION = YES;
				GCC_WARN_UNUSED_VARIABLE = YES;
				IPHONEOS_DEPLOYMENT_TARGET = 9.2;
				MTL_ENABLE_DEBUG_INFO = NO;
				SDKROOT = iphoneos;
				VALIDATE_PRODUCT = YES;
			};
			name = Release;
		};
		AB7FB3BE1D7D4F7800536B47 /* Debug */ = {
			isa = XCBuildConfiguration;
			buildSettings = {
				ASSETCATALOG_COMPILER_APPICON_NAME = AppIcon;
				CODE_SIGN_IDENTITY = "iPhone Developer";
				DEVELOPMENT_TEAM = 7KW6E4PC7H;
				INFOPLIST_FILE = "Run loops/Info.plist";
				LD_RUNPATH_SEARCH_PATHS = "$(inherited) @executable_path/Frameworks";
				PRODUCT_BUNDLE_IDENTIFIER = "com.xfzd.Run-loops";
				PRODUCT_NAME = "$(TARGET_NAME)";
			};
			name = Debug;
		};
		AB7FB3BF1D7D4F7800536B47 /* Release */ = {
			isa = XCBuildConfiguration;
			buildSettings = {
				ASSETCATALOG_COMPILER_APPICON_NAME = AppIcon;
				CODE_SIGN_IDENTITY = "iPhone Developer";
				DEVELOPMENT_TEAM = 7KW6E4PC7H;
				INFOPLIST_FILE = "Run loops/Info.plist";
				LD_RUNPATH_SEARCH_PATHS = "$(inherited) @executable_path/Frameworks";
				PRODUCT_BUNDLE_IDENTIFIER = "com.xfzd.Run-loops";
				PRODUCT_NAME = "$(TARGET_NAME)";
			};
			name = Release;
		};
		AB7FB3C11D7D4F7800536B47 /* Debug */ = {
			isa = XCBuildConfiguration;
			buildSettings = {
				BUNDLE_LOADER = "$(TEST_HOST)";
				INFOPLIST_FILE = "Run loopsTests/Info.plist";
				LD_RUNPATH_SEARCH_PATHS = "$(inherited) @executable_path/Frameworks @loader_path/Frameworks";
				PRODUCT_BUNDLE_IDENTIFIER = "com.xfzd.Run-loopsTests";
				PRODUCT_NAME = "$(TARGET_NAME)";
				TEST_HOST = "$(BUILT_PRODUCTS_DIR)/Run loops.app/Run loops";
			};
			name = Debug;
		};
		AB7FB3C21D7D4F7800536B47 /* Release */ = {
			isa = XCBuildConfiguration;
			buildSettings = {
				BUNDLE_LOADER = "$(TEST_HOST)";
				INFOPLIST_FILE = "Run loopsTests/Info.plist";
				LD_RUNPATH_SEARCH_PATHS = "$(inherited) @executable_path/Frameworks @loader_path/Frameworks";
				PRODUCT_BUNDLE_IDENTIFIER = "com.xfzd.Run-loopsTests";
				PRODUCT_NAME = "$(TARGET_NAME)";
				TEST_HOST = "$(BUILT_PRODUCTS_DIR)/Run loops.app/Run loops";
			};
			name = Release;
		};
		AB7FB3C41D7D4F7800536B47 /* Debug */ = {
			isa = XCBuildConfiguration;
			buildSettings = {
				INFOPLIST_FILE = "Run loopsUITests/Info.plist";
				LD_RUNPATH_SEARCH_PATHS = "$(inherited) @executable_path/Frameworks @loader_path/Frameworks";
				PRODUCT_BUNDLE_IDENTIFIER = "com.xfzd.Run-loopsUITests";
				PRODUCT_NAME = "$(TARGET_NAME)";
				TEST_TARGET_NAME = "Run loops";
				USES_XCTRUNNER = YES;
			};
			name = Debug;
		};
		AB7FB3C51D7D4F7800536B47 /* Release */ = {
			isa = XCBuildConfiguration;
			buildSettings = {
				INFOPLIST_FILE = "Run loopsUITests/Info.plist";
				LD_RUNPATH_SEARCH_PATHS = "$(inherited) @executable_path/Frameworks @loader_path/Frameworks";
				PRODUCT_BUNDLE_IDENTIFIER = "com.xfzd.Run-loopsUITests";
				PRODUCT_NAME = "$(TARGET_NAME)";
				TEST_TARGET_NAME = "Run loops";
				USES_XCTRUNNER = YES;
			};
			name = Release;
		};
/* End XCBuildConfiguration section */

/* Begin XCConfigurationList section */
		AB7FB38B1D7D4F7700536B47 /* Build configuration list for PBXProject "Run loops" */ = {
			isa = XCConfigurationList;
			buildConfigurations = (
				AB7FB3BB1D7D4F7800536B47 /* Debug */,
				AB7FB3BC1D7D4F7800536B47 /* Release */,
			);
			defaultConfigurationIsVisible = 0;
			defaultConfigurationName = Release;
		};
		AB7FB3BD1D7D4F7800536B47 /* Build configuration list for PBXNativeTarget "Run loops" */ = {
			isa = XCConfigurationList;
			buildConfigurations = (
				AB7FB3BE1D7D4F7800536B47 /* Debug */,
				AB7FB3BF1D7D4F7800536B47 /* Release */,
			);
			defaultConfigurationIsVisible = 0;
			defaultConfigurationName = Release;
		};
		AB7FB3C01D7D4F7800536B47 /* Build configuration list for PBXNativeTarget "Run loopsTests" */ = {
			isa = XCConfigurationList;
			buildConfigurations = (
				AB7FB3C11D7D4F7800536B47 /* Debug */,
				AB7FB3C21D7D4F7800536B47 /* Release */,
			);
			defaultConfigurationIsVisible = 0;
			defaultConfigurationName = Release;
		};
		AB7FB3C31D7D4F7800536B47 /* Build configuration list for PBXNativeTarget "Run loopsUITests" */ = {
			isa = XCConfigurationList;
			buildConfigurations = (
				AB7FB3C41D7D4F7800536B47 /* Debug */,
				AB7FB3C51D7D4F7800536B47 /* Release */,
			);
			defaultConfigurationIsVisible = 0;
			defaultConfigurationName = Release;
		};
/* End XCConfigurationList section */
	};
	rootObject = AB7FB3881D7D4F7700536B47 /* Project object */;
}
